// !$*UTF8*$!
{
	archiveVersion = 1;
	classes = {
	};
	objectVersion = 46;
	objects = {

/* Begin PBXBuildFile section */
		497474191E635428004637C0 /* AppDelegate.swift in Sources */ = {isa = PBXBuildFile; fileRef = 497474181E635428004637C0 /* AppDelegate.swift */; };
		4974741B1E635428004637C0 /* ViewController.swift in Sources */ = {isa = PBXBuildFile; fileRef = 4974741A1E635428004637C0 /* ViewController.swift */; };
		4974741E1E635428004637C0 /* Main.storyboard in Resources */ = {isa = PBXBuildFile; fileRef = 4974741C1E635428004637C0 /* Main.storyboard */; };
		497474201E635428004637C0 /* Assets.xcassets in Resources */ = {isa = PBXBuildFile; fileRef = 4974741F1E635428004637C0 /* Assets.xcassets */; };
		497474231E635428004637C0 /* LaunchScreen.storyboard in Resources */ = {isa = PBXBuildFile; fileRef = 497474211E635428004637C0 /* LaunchScreen.storyboard */; };
		4974742E1E635428004637C0 /* ExampleTests.swift in Sources */ = {isa = PBXBuildFile; fileRef = 4974742D1E635428004637C0 /* ExampleTests.swift */; };
		497474391E635428004637C0 /* ExampleUITests.swift in Sources */ = {isa = PBXBuildFile; fileRef = 497474381E635428004637C0 /* ExampleUITests.swift */; };
/* End PBXBuildFile section */

/* Begin PBXContainerItemProxy section */
		4974742A1E635428004637C0 /* PBXContainerItemProxy */ = {
			isa = PBXContainerItemProxy;
			containerPortal = 4974740D1E635428004637C0 /* Project object */;
			proxyType = 1;
			remoteGlobalIDString = 497474141E635428004637C0;
			remoteInfo = Example;
		};
		497474351E635428004637C0 /* PBXContainerItemProxy */ = {
			isa = PBXContainerItemProxy;
			containerPortal = 4974740D1E635428004637C0 /* Project object */;
			proxyType = 1;
			remoteGlobalIDString = 497474141E635428004637C0;
			remoteInfo = Example;
		};
/* End PBXContainerItemProxy section */

/* Begin PBXFileReference section */
		497474151E635428004637C0 /* Example.app */ = {isa = PBXFileReference; explicitFileType = wrapper.application; includeInIndex = 0; path = Example.app; sourceTree = BUILT_PRODUCTS_DIR; };
		497474181E635428004637C0 /* AppDelegate.swift */ = {isa = PBXFileReference; lastKnownFileType = sourcecode.swift; path = AppDelegate.swift; sourceTree = "<group>"; };
		4974741A1E635428004637C0 /* ViewController.swift */ = {isa = PBXFileReference; lastKnownFileType = sourcecode.swift; path = ViewController.swift; sourceTree = "<group>"; };
		4974741D1E635428004637C0 /* Base */ = {isa = PBXFileReference; lastKnownFileType = file.storyboard; name = Base; path = Base.lproj/Main.storyboard; sourceTree = "<group>"; };
		4974741F1E635428004637C0 /* Assets.xcassets */ = {isa = PBXFileReference; lastKnownFileType = folder.assetcatalog; path = Assets.xcassets; sourceTree = "<group>"; };
		497474221E635428004637C0 /* Base */ = {isa = PBXFileReference; lastKnownFileType = file.storyboard; name = Base; path = Base.lproj/LaunchScreen.storyboard; sourceTree = "<group>"; };
		497474241E635428004637C0 /* Info.plist */ = {isa = PBXFileReference; lastKnownFileType = text.plist.xml; path = Info.plist; sourceTree = "<group>"; };
		497474291E635428004637C0 /* ExampleTests.xctest */ = {isa = PBXFileReference; explicitFileType = wrapper.cfbundle; includeInIndex = 0; path = ExampleTests.xctest; sourceTree = BUILT_PRODUCTS_DIR; };
		4974742D1E635428004637C0 /* ExampleTests.swift */ = {isa = PBXFileReference; lastKnownFileType = sourcecode.swift; path = ExampleTests.swift; sourceTree = "<group>"; };
		4974742F1E635428004637C0 /* Info.plist */ = {isa = PBXFileReference; lastKnownFileType = text.plist.xml; path = Info.plist; sourceTree = "<group>"; };
		497474341E635428004637C0 /* ExampleUITests.xctest */ = {isa = PBXFileReference; explicitFileType = wrapper.cfbundle; includeInIndex = 0; path = ExampleUITests.xctest; sourceTree = BUILT_PRODUCTS_DIR; };
		497474381E635428004637C0 /* ExampleUITests.swift */ = {isa = PBXFileReference; lastKnownFileType = sourcecode.swift; path = ExampleUITests.swift; sourceTree = "<group>"; };
		4974743A1E635428004637C0 /* Info.plist */ = {isa = PBXFileReference; lastKnownFileType = text.plist.xml; path = Info.plist; sourceTree = "<group>"; };
/* End PBXFileReference section */

/* Begin PBXFrameworksBuildPhase section */
		497474121E635428004637C0 /* Frameworks */ = {
			isa = PBXFrameworksBuildPhase;
			buildActionMask = 2147483647;
			files = (
			);
			runOnlyForDeploymentPostprocessing = 0;
		};
		497474261E635428004637C0 /* Frameworks */ = {
			isa = PBXFrameworksBuildPhase;
			buildActionMask = 2147483647;
			files = (
			);
			runOnlyForDeploymentPostprocessing = 0;
		};
		497474311E635428004637C0 /* Frameworks */ = {
			isa = PBXFrameworksBuildPhase;
			buildActionMask = 2147483647;
			files = (
			);
			runOnlyForDeploymentPostprocessing = 0;
		};
/* End PBXFrameworksBuildPhase section */

/* Begin PBXGroup section */
		4974740C1E635428004637C0 = {
			isa = PBXGroup;
			children = (
				497474171E635428004637C0 /* Example */,
				4974742C1E635428004637C0 /* ExampleTests */,
				497474371E635428004637C0 /* ExampleUITests */,
				497474161E635428004637C0 /* Products */,
			);
			sourceTree = "<group>";
		};
		497474161E635428004637C0 /* Products */ = {
			isa = PBXGroup;
			children = (
				497474151E635428004637C0 /* Example.app */,
				497474291E635428004637C0 /* ExampleTests.xctest */,
				497474341E635428004637C0 /* ExampleUITests.xctest */,
			);
			name = Products;
			sourceTree = "<group>";
		};
		497474171E635428004637C0 /* Example */ = {
			isa = PBXGroup;
			children = (
				497474181E635428004637C0 /* AppDelegate.swift */,
				4974741A1E635428004637C0 /* ViewController.swift */,
				4974741C1E635428004637C0 /* Main.storyboard */,
				4974741F1E635428004637C0 /* Assets.xcassets */,
				497474211E635428004637C0 /* LaunchScreen.storyboard */,
				497474241E635428004637C0 /* Info.plist */,
			);
			path = Example;
			sourceTree = "<group>";
		};
		4974742C1E635428004637C0 /* ExampleTests */ = {
			isa = PBXGroup;
			children = (
				4974742D1E635428004637C0 /* ExampleTests.swift */,
				4974742F1E635428004637C0 /* Info.plist */,
			);
			path = ExampleTests;
			sourceTree = "<group>";
		};
		497474371E635428004637C0 /* ExampleUITests */ = {
			isa = PBXGroup;
			children = (
				497474381E635428004637C0 /* ExampleUITests.swift */,
				4974743A1E635428004637C0 /* Info.plist */,
			);
			path = ExampleUITests;
			sourceTree = "<group>";
		};
/* End PBXGroup section */

/* Begin PBXNativeTarget section */
		497474141E635428004637C0 /* Example */ = {
			isa = PBXNativeTarget;
			buildConfigurationList = 4974743D1E635428004637C0 /* Build configuration list for PBXNativeTarget "Example" */;
			buildPhases = (
				497474111E635428004637C0 /* Sources */,
				497474121E635428004637C0 /* Frameworks */,
				497474131E635428004637C0 /* Resources */,
			);
			buildRules = (
			);
			dependencies = (
			);
			name = Example;
			productName = Example;
			productReference = 497474151E635428004637C0 /* Example.app */;
			productType = "com.apple.product-type.application";
		};
		497474281E635428004637C0 /* ExampleTests */ = {
			isa = PBXNativeTarget;
			buildConfigurationList = 497474401E635428004637C0 /* Build configuration list for PBXNativeTarget "ExampleTests" */;
			buildPhases = (
				497474251E635428004637C0 /* Sources */,
				497474261E635428004637C0 /* Frameworks */,
				497474271E635428004637C0 /* Resources */,
			);
			buildRules = (
			);
			dependencies = (
				4974742B1E635428004637C0 /* PBXTargetDependency */,
			);
			name = ExampleTests;
			productName = ExampleTests;
			productReference = 497474291E635428004637C0 /* ExampleTests.xctest */;
			productType = "com.apple.product-type.bundle.unit-test";
		};
		497474331E635428004637C0 /* ExampleUITests */ = {
			isa = PBXNativeTarget;
			buildConfigurationList = 497474431E635428004637C0 /* Build configuration list for PBXNativeTarget "ExampleUITests" */;
			buildPhases = (
				497474301E635428004637C0 /* Sources */,
				497474311E635428004637C0 /* Frameworks */,
				497474321E635428004637C0 /* Resources */,
			);
			buildRules = (
			);
			dependencies = (
				497474361E635428004637C0 /* PBXTargetDependency */,
			);
			name = ExampleUITests;
			productName = ExampleUITests;
			productReference = 497474341E635428004637C0 /* ExampleUITests.xctest */;
			productType = "com.apple.product-type.bundle.ui-testing";
		};
/* End PBXNativeTarget section */

/* Begin PBXProject section */
		4974740D1E635428004637C0 /* Project object */ = {
			isa = PBXProject;
			attributes = {
				LastSwiftUpdateCheck = 0820;
				LastUpgradeCheck = 0820;
				ORGANIZATIONNAME = "Andrew Sowers";
				TargetAttributes = {
					497474141E635428004637C0 = {
						CreatedOnToolsVersion = 8.2.1;
						DevelopmentTeam = 2DP9335PZJ;
						ProvisioningStyle = Automatic;
					};
					497474281E635428004637C0 = {
						CreatedOnToolsVersion = 8.2.1;
						DevelopmentTeam = 2DP9335PZJ;
						ProvisioningStyle = Automatic;
						TestTargetID = 497474141E635428004637C0;
					};
					497474331E635428004637C0 = {
						CreatedOnToolsVersion = 8.2.1;
						DevelopmentTeam = 2DP9335PZJ;
						ProvisioningStyle = Automatic;
						TestTargetID = 497474141E635428004637C0;
					};
				};
			};
			buildConfigurationList = 497474101E635428004637C0 /* Build configuration list for PBXProject "Example" */;
			compatibilityVersion = "Xcode 3.2";
			developmentRegion = English;
			hasScannedForEncodings = 0;
			knownRegions = (
				en,
				Base,
			);
			mainGroup = 4974740C1E635428004637C0;
			productRefGroup = 497474161E635428004637C0 /* Products */;
			projectDirPath = "";
			projectRoot = "";
			targets = (
				497474141E635428004637C0 /* Example */,
				497474281E635428004637C0 /* ExampleTests */,
				497474331E635428004637C0 /* ExampleUITests */,
			);
		};
/* End PBXProject section */

/* Begin PBXResourcesBuildPhase section */
		497474131E635428004637C0 /* Resources */ = {
			isa = PBXResourcesBuildPhase;
			buildActionMask = 2147483647;
			files = (
				497474231E635428004637C0 /* LaunchScreen.storyboard in Resources */,
				497474201E635428004637C0 /* Assets.xcassets in Resources */,
				4974741E1E635428004637C0 /* Main.storyboard in Resources */,
			);
			runOnlyForDeploymentPostprocessing = 0;
		};
		497474271E635428004637C0 /* Resources */ = {
			isa = PBXResourcesBuildPhase;
			buildActionMask = 2147483647;
			files = (
			);
			runOnlyForDeploymentPostprocessing = 0;
		};
		497474321E635428004637C0 /* Resources */ = {
			isa = PBXResourcesBuildPhase;
			buildActionMask = 2147483647;
			files = (
			);
			runOnlyForDeploymentPostprocessing = 0;
		};
/* End PBXResourcesBuildPhase section */

/* Begin PBXSourcesBuildPhase section */
		497474111E635428004637C0 /* Sources */ = {
			isa = PBXSourcesBuildPhase;
			buildActionMask = 2147483647;
			files = (
				4974741B1E635428004637C0 /* ViewController.swift in Sources */,
				497474191E635428004637C0 /* AppDelegate.swift in Sources */,
			);
			runOnlyForDeploymentPostprocessing = 0;
		};
		497474251E635428004637C0 /* Sources */ = {
			isa = PBXSourcesBuildPhase;
			buildActionMask = 2147483647;
			files = (
				4974742E1E635428004637C0 /* ExampleTests.swift in Sources */,
			);
			runOnlyForDeploymentPostprocessing = 0;
		};
		497474301E635428004637C0 /* Sources */ = {
			isa = PBXSourcesBuildPhase;
			buildActionMask = 2147483647;
			files = (
				497474391E635428004637C0 /* ExampleUITests.swift in Sources */,
			);
			runOnlyForDeploymentPostprocessing = 0;
		};
/* End PBXSourcesBuildPhase section */

/* Begin PBXTargetDependency section */
		4974742B1E635428004637C0 /* PBXTargetDependency */ = {
			isa = PBXTargetDependency;
			target = 497474141E635428004637C0 /* Example */;
			targetProxy = 4974742A1E635428004637C0 /* PBXContainerItemProxy */;
		};
		497474361E635428004637C0 /* PBXTargetDependency */ = {
			isa = PBXTargetDependency;
			target = 497474141E635428004637C0 /* Example */;
			targetProxy = 497474351E635428004637C0 /* PBXContainerItemProxy */;
		};
/* End PBXTargetDependency section */

/* Begin PBXVariantGroup section */
		4974741C1E635428004637C0 /* Main.storyboard */ = {
			isa = PBXVariantGroup;
			children = (
				4974741D1E635428004637C0 /* Base */,
			);
			name = Main.storyboard;
			sourceTree = "<group>";
		};
		497474211E635428004637C0 /* LaunchScreen.storyboard */ = {
			isa = PBXVariantGroup;
			children = (
				497474221E635428004637C0 /* Base */,
			);
			name = LaunchScreen.storyboard;
			sourceTree = "<group>";
		};
/* End PBXVariantGroup section */

/* Begin XCBuildConfiguration section */
		4974743B1E635428004637C0 /* Debug */ = {
			isa = XCBuildConfiguration;
			buildSettings = {
				ALWAYS_SEARCH_USER_PATHS = NO;
				CLANG_ANALYZER_NONNULL = YES;
				CLANG_CXX_LANGUAGE_STANDARD = "gnu++0x";
				CLANG_CXX_LIBRARY = "libc++";
				CLANG_ENABLE_MODULES = YES;
				CLANG_ENABLE_OBJC_ARC = YES;
				CLANG_WARN_BOOL_CONVERSION = YES;
				CLANG_WARN_CONSTANT_CONVERSION = YES;
				CLANG_WARN_DIRECT_OBJC_ISA_USAGE = YES_ERROR;
				CLANG_WARN_DOCUMENTATION_COMMENTS = YES;
				CLANG_WARN_EMPTY_BODY = YES;
				CLANG_WARN_ENUM_CONVERSION = YES;
				CLANG_WARN_INFINITE_RECURSION = YES;
				CLANG_WARN_INT_CONVERSION = YES;
				CLANG_WARN_OBJC_ROOT_CLASS = YES_ERROR;
				CLANG_WARN_SUSPICIOUS_MOVE = YES;
				CLANG_WARN_UNREACHABLE_CODE = YES;
				CLANG_WARN__DUPLICATE_METHOD_MATCH = YES;
				"CODE_SIGN_IDENTITY[sdk=iphoneos*]" = "iPhone Developer";
				COPY_PHASE_STRIP = NO;
				DEBUG_INFORMATION_FORMAT = dwarf;
				ENABLE_STRICT_OBJC_MSGSEND = YES;
				ENABLE_TESTABILITY = YES;
				GCC_C_LANGUAGE_STANDARD = gnu99;
				GCC_DYNAMIC_NO_PIC = NO;
				GCC_NO_COMMON_BLOCKS = YES;
				GCC_OPTIMIZATION_LEVEL = 0;
				GCC_PREPROCESSOR_DEFINITIONS = (
					"DEBUG=1",
					"$(inherited)",
				);
				GCC_WARN_64_TO_32_BIT_CONVERSION = YES;
				GCC_WARN_ABOUT_RETURN_TYPE = YES_ERROR;
				GCC_WARN_UNDECLARED_SELECTOR = YES;
				GCC_WARN_UNINITIALIZED_AUTOS = YES_AGGRESSIVE;
				GCC_WARN_UNUSED_FUNCTION = YES;
				GCC_WARN_UNUSED_VARIABLE = YES;
				IPHONEOS_DEPLOYMENT_TARGET = 10.2;
				MTL_ENABLE_DEBUG_INFO = YES;
				ONLY_ACTIVE_ARCH = YES;
				SDKROOT = iphoneos;
				SWIFT_ACTIVE_COMPILATION_CONDITIONS = DEBUG;
				SWIFT_OPTIMIZATION_LEVEL = "-Onone";
			};
			name = Debug;
		};
		4974743C1E635428004637C0 /* Release */ = {
			isa = XCBuildConfiguration;
			buildSettings = {
				ALWAYS_SEARCH_USER_PATHS = NO;
				CLANG_ANALYZER_NONNULL = YES;
				CLANG_CXX_LANGUAGE_STANDARD = "gnu++0x";
				CLANG_CXX_LIBRARY = "libc++";
				CLANG_ENABLE_MODULES = YES;
				CLANG_ENABLE_OBJC_ARC = YES;
				CLANG_WARN_BOOL_CONVERSION = YES;
				CLANG_WARN_CONSTANT_CONVERSION = YES;
				CLANG_WARN_DIRECT_OBJC_ISA_USAGE = YES_ERROR;
				CLANG_WARN_DOCUMENTATION_COMMENTS = YES;
				CLANG_WARN_EMPTY_BODY = YES;
				CLANG_WARN_ENUM_CONVERSION = YES;
				CLANG_WARN_INFINITE_RECURSION = YES;
				CLANG_WARN_INT_CONVERSION = YES;
				CLANG_WARN_OBJC_ROOT_CLASS = YES_ERROR;
				CLANG_WARN_SUSPICIOUS_MOVE = YES;
				CLANG_WARN_UNREACHABLE_CODE = YES;
				CLANG_WARN__DUPLICATE_METHOD_MATCH = YES;
				"CODE_SIGN_IDENTITY[sdk=iphoneos*]" = "iPhone Developer";
				COPY_PHASE_STRIP = NO;
				DEBUG_INFORMATION_FORMAT = "dwarf-with-dsym";
				ENABLE_NS_ASSERTIONS = NO;
				ENABLE_STRICT_OBJC_MSGSEND = YES;
				GCC_C_LANGUAGE_STANDARD = gnu99;
				GCC_NO_COMMON_BLOCKS = YES;
				GCC_WARN_64_TO_32_BIT_CONVERSION = YES;
				GCC_WARN_ABOUT_RETURN_TYPE = YES_ERROR;
				GCC_WARN_UNDECLARED_SELECTOR = YES;
				GCC_WARN_UNINITIALIZED_AUTOS = YES_AGGRESSIVE;
				GCC_WARN_UNUSED_FUNCTION = YES;
				GCC_WARN_UNUSED_VARIABLE = YES;
				IPHONEOS_DEPLOYMENT_TARGET = 10.2;
				MTL_ENABLE_DEBUG_INFO = NO;
				SDKROOT = iphoneos;
				SWIFT_OPTIMIZATION_LEVEL = "-Owholemodule";
				VALIDATE_PRODUCT = YES;
			};
			name = Release;
		};
		4974743E1E635428004637C0 /* Debug */ = {
			isa = XCBuildConfiguration;
			buildSettings = {
				ASSETCATALOG_COMPILER_APPICON_NAME = AppIcon;
				DEVELOPMENT_TEAM = 2DP9335PZJ;
				INFOPLIST_FILE = Example/Info.plist;
				LD_RUNPATH_SEARCH_PATHS = "$(inherited) @executable_path/Frameworks";
				PRODUCT_BUNDLE_IDENTIFIER = com.andrew.Example;
				PRODUCT_NAME = "$(TARGET_NAME)";
				SWIFT_VERSION = 3.0;
			};
			name = Debug;
		};
		4974743F1E635428004637C0 /* Release */ = {
			isa = XCBuildConfiguration;
			buildSettings = {
				ASSETCATALOG_COMPILER_APPICON_NAME = AppIcon;
				DEVELOPMENT_TEAM = 2DP9335PZJ;
				INFOPLIST_FILE = Example/Info.plist;
				LD_RUNPATH_SEARCH_PATHS = "$(inherited) @executable_path/Frameworks";
				PRODUCT_BUNDLE_IDENTIFIER = com.andrew.Example;
				PRODUCT_NAME = "$(TARGET_NAME)";
				SWIFT_VERSION = 3.0;
			};
			name = Release;
		};
		497474411E635428004637C0 /* Debug */ = {
			isa = XCBuildConfiguration;
			buildSettings = {
				ALWAYS_EMBED_SWIFT_STANDARD_LIBRARIES = YES;
				BUNDLE_LOADER = "$(TEST_HOST)";
				DEVELOPMENT_TEAM = 2DP9335PZJ;
				INFOPLIST_FILE = ExampleTests/Info.plist;
				LD_RUNPATH_SEARCH_PATHS = "$(inherited) @executable_path/Frameworks @loader_path/Frameworks";
				PRODUCT_BUNDLE_IDENTIFIER = com.andrew.ExampleTests;
				PRODUCT_NAME = "$(TARGET_NAME)";
				SWIFT_VERSION = 3.0;
				TEST_HOST = "$(BUILT_PRODUCTS_DIR)/Example.app/Example";
			};
			name = Debug;
		};
		497474421E635428004637C0 /* Release */ = {
			isa = XCBuildConfiguration;
			buildSettings = {
				ALWAYS_EMBED_SWIFT_STANDARD_LIBRARIES = YES;
				BUNDLE_LOADER = "$(TEST_HOST)";
				DEVELOPMENT_TEAM = 2DP9335PZJ;
				INFOPLIST_FILE = ExampleTests/Info.plist;
				LD_RUNPATH_SEARCH_PATHS = "$(inherited) @executable_path/Frameworks @loader_path/Frameworks";
				PRODUCT_BUNDLE_IDENTIFIER = com.andrew.ExampleTests;
				PRODUCT_NAME = "$(TARGET_NAME)";
				SWIFT_VERSION = 3.0;
				TEST_HOST = "$(BUILT_PRODUCTS_DIR)/Example.app/Example";
			};
			name = Release;
		};
		497474441E635428004637C0 /* Debug */ = {
			isa = XCBuildConfiguration;
			buildSettings = {
				ALWAYS_EMBED_SWIFT_STANDARD_LIBRARIES = YES;
				DEVELOPMENT_TEAM = 2DP9335PZJ;
				INFOPLIST_FILE = ExampleUITests/Info.plist;
				LD_RUNPATH_SEARCH_PATHS = "$(inherited) @executable_path/Frameworks @loader_path/Frameworks";
				PRODUCT_BUNDLE_IDENTIFIER = com.andrew.ExampleUITests;
				PRODUCT_NAME = "$(TARGET_NAME)";
				SWIFT_VERSION = 3.0;
				TEST_TARGET_NAME = Example;
			};
			name = Debug;
		};
		497474451E635428004637C0 /* Release */ = {
			isa = XCBuildConfiguration;
			buildSettings = {
				ALWAYS_EMBED_SWIFT_STANDARD_LIBRARIES = YES;
				DEVELOPMENT_TEAM = 2DP9335PZJ;
				INFOPLIST_FILE = ExampleUITests/Info.plist;
				LD_RUNPATH_SEARCH_PATHS = "$(inherited) @executable_path/Frameworks @loader_path/Frameworks";
				PRODUCT_BUNDLE_IDENTIFIER = com.andrew.ExampleUITests;
				PRODUCT_NAME = "$(TARGET_NAME)";
				SWIFT_VERSION = 3.0;
				TEST_TARGET_NAME = Example;
			};
			name = Release;
		};
/* End XCBuildConfiguration section */

/* Begin XCConfigurationList section */
		497474101E635428004637C0 /* Build configuration list for PBXProject "Example" */ = {
			isa = XCConfigurationList;
			buildConfigurations = (
				4974743B1E635428004637C0 /* Debug */,
				4974743C1E635428004637C0 /* Release */,
			);
			defaultConfigurationIsVisible = 0;
			defaultConfigurationName = Release;
		};
		4974743D1E635428004637C0 /* Build configuration list for PBXNativeTarget "Example" */ = {
			isa = XCConfigurationList;
			buildConfigurations = (
				4974743E1E635428004637C0 /* Debug */,
				4974743F1E635428004637C0 /* Release */,
			);
			defaultConfigurationIsVisible = 0;
		};
		497474401E635428004637C0 /* Build configuration list for PBXNativeTarget "ExampleTests" */ = {
			isa = XCConfigurationList;
			buildConfigurations = (
				497474411E635428004637C0 /* Debug */,
				497474421E635428004637C0 /* Release */,
			);
			defaultConfigurationIsVisible = 0;
		};
		497474431E635428004637C0 /* Build configuration list for PBXNativeTarget "ExampleUITests" */ = {
			isa = XCConfigurationList;
			buildConfigurations = (
				497474441E635428004637C0 /* Debug */,
				497474451E635428004637C0 /* Release */,
			);
			defaultConfigurationIsVisible = 0;
		};
/* End XCConfigurationList section */
	};
	rootObject = 4974740D1E635428004637C0 /* Project object */;
}
